<Solution>
  <Folder Name="/HealthCare/">
    <Project Path="HealthCare.API/HealthCare.API.csproj" />
    <Project Path="HealthCare.Application/HealthCare.Application.csproj" />
    <Project Path="HealthCare.Domain/HealthCare.Domain.csproj" />
    <Project Path="HealthCare.Infrastructure/HealthCare.Infrastructure.csproj" />
  </Folder>
  <Folder Name="/Solution Items/" />
  <Project Path="BuildingBlocks/BuildingBlocks.csproj" />
</Solution>
